
Microsoft Visual Studio Solution File, Format Version 12.00
Project("{FAE04EC0-301F-11D3-BF4B-00C04F79EFBC}") = "PaymentsServer.Domain", "PaymentsServer.Domain\PaymentsServer.Domain.csproj", "{856A26D7-113E-40DF-98C4-37647293CDF1}"
EndProject
Project("{FAE04EC0-301F-11D3-BF4B-00C04F79EFBC}") = "PaymentsServer.Application", "PaymentsServer.Application\PaymentsServer.Application.csproj", "{28678F84-49E3-47F2-9AF1-4745FFF7ABE9}"
EndProject
Project("{FAE04EC0-301F-11D3-BF4B-00C04F79EFBC}") = "PaymentsServer.Infrastructure", "PaymentsServer.Infrastructure\PaymentsServer.Infrastructure.csproj", "{CE8F6C99-2C8E-4F9C-9D24-BD8AA66E8C1E}"
EndProject
Project("{FAE04EC0-301F-11D3-BF4B-00C04F79EFBC}") = "PaymentsServer.Presentation", "PaymentsServer.Presentation\PaymentsServer.Presentation.csproj", "{B958347E-8894-4FBE-8BD8-B84DDD4AE0F3}"
EndProject
Project("{2150E333-8FDC-42A3-9474-1A3956D46DE8}") = "Solution Items", "Solution Items", "{D392123E-642D-4F36-B212-7721BAE72480}"
	ProjectSection(SolutionItems) = preProject
		..\compose.yaml = ..\compose.yaml
	EndProjectSection
EndProject
Global
	GlobalSection(SolutionConfigurationPlatforms) = preSolution
		Debug|Any CPU = Debug|Any CPU
		Release|Any CPU = Release|Any CPU
	EndGlobalSection
	GlobalSection(ProjectConfigurationPlatforms) = postSolution
		{856A26D7-113E-40DF-98C4-37647293CDF1}.Debug|Any CPU.ActiveCfg = Debug|Any CPU
		{856A26D7-113E-40DF-98C4-37647293CDF1}.Debug|Any CPU.Build.0 = Debug|Any CPU
		{856A26D7-113E-40DF-98C4-37647293CDF1}.Release|Any CPU.ActiveCfg = Release|Any CPU
		{856A26D7-113E-40DF-98C4-37647293CDF1}.Release|Any CPU.Build.0 = Release|Any CPU
		{28678F84-49E3-47F2-9AF1-4745FFF7ABE9}.Debug|Any CPU.ActiveCfg = Debug|Any CPU
		{28678F84-49E3-47F2-9AF1-4745FFF7ABE9}.Debug|Any CPU.Build.0 = Debug|Any CPU
		{28678F84-49E3-47F2-9AF1-4745FFF7ABE9}.Release|Any CPU.ActiveCfg = Release|Any CPU
		{28678F84-49E3-47F2-9AF1-4745FFF7ABE9}.Release|Any CPU.Build.0 = Release|Any CPU
		{CE8F6C99-2C8E-4F9C-9D24-BD8AA66E8C1E}.Debug|Any CPU.ActiveCfg = Debug|Any CPU
		{CE8F6C99-2C8E-4F9C-9D24-BD8AA66E8C1E}.Debug|Any CPU.Build.0 = Debug|Any CPU
		{CE8F6C99-2C8E-4F9C-9D24-BD8AA66E8C1E}.Release|Any CPU.ActiveCfg = Release|Any CPU
		{CE8F6C99-2C8E-4F9C-9D24-BD8AA66E8C1E}.Release|Any CPU.Build.0 = Release|Any CPU
		{B958347E-8894-4FBE-8BD8-B84DDD4AE0F3}.Debug|Any CPU.ActiveCfg = Debug|Any CPU
		{B958347E-8894-4FBE-8BD8-B84DDD4AE0F3}.Debug|Any CPU.Build.0 = Debug|Any CPU
		{B958347E-8894-4FBE-8BD8-B84DDD4AE0F3}.Release|Any CPU.ActiveCfg = Release|Any CPU
		{B958347E-8894-4FBE-8BD8-B84DDD4AE0F3}.Release|Any CPU.Build.0 = Release|Any CPU
	EndGlobalSection
EndGlobal
